
Microsoft Visual Studio Solution File, Format Version 12.00
# Visual Studio Version 17
VisualStudioVersion = 17.13.35828.75 d17.13
MinimumVisualStudioVersion = 10.0.40219.1
Project("{FAE04EC0-301F-11D3-BF4B-00C04F79EFBC}") = "Orders.Backend", "Orders.Backend\Orders.Backend.csproj", "{A82D619C-C278-4817-8DB6-F7FD460BAFAB}"
EndProject
Project("{FAE04EC0-301F-11D3-BF4B-00C04F79EFBC}") = "Orders. Frontend", "Orders. Frontend\Orders. Frontend.csproj", "{AB30125D-D341-48BA-89DD-4E3C575E21BE}"
EndProject
Project("{FAE04EC0-301F-11D3-BF4B-00C04F79EFBC}") = "Orders.Shared", "Orders.Shared\Orders.Shared.csproj", "{146A6763-D496-47FE-95CD-B1D5001675B1}"
EndProject
Project("{FAE04EC0-301F-11D3-BF4B-00C04F79EFBC}") = "Orders.Tests", "Orders.Tests\Orders.Tests.csproj", "{2FEA037B-BD31-4F05-90B9-95396A46E039}"
EndProject
Global
	GlobalSection(SolutionConfigurationPlatforms) = preSolution
		Debug|Any CPU = Debug|Any CPU
		Release|Any CPU = Release|Any CPU
	EndGlobalSection
	GlobalSection(ProjectConfigurationPlatforms) = postSolution
		{A82D619C-C278-4817-8DB6-F7FD460BAFAB}.Debug|Any CPU.ActiveCfg = Debug|Any CPU
		{A82D619C-C278-4817-8DB6-F7FD460BAFAB}.Debug|Any CPU.Build.0 = Debug|Any CPU
		{A82D619C-C278-4817-8DB6-F7FD460BAFAB}.Release|Any CPU.ActiveCfg = Release|Any CPU
		{A82D619C-C278-4817-8DB6-F7FD460BAFAB}.Release|Any CPU.Build.0 = Release|Any CPU
		{AB30125D-D341-48BA-89DD-4E3C575E21BE}.Debug|Any CPU.ActiveCfg = Debug|Any CPU
		{AB30125D-D341-48BA-89DD-4E3C575E21BE}.Debug|Any CPU.Build.0 = Debug|Any CPU
		{AB30125D-D341-48BA-89DD-4E3C575E21BE}.Release|Any CPU.ActiveCfg = Release|Any CPU
		{AB30125D-D341-48BA-89DD-4E3C575E21BE}.Release|Any CPU.Build.0 = Release|Any CPU
		{146A6763-D496-47FE-95CD-B1D5001675B1}.Debug|Any CPU.ActiveCfg = Debug|Any CPU
		{146A6763-D496-47FE-95CD-B1D5001675B1}.Debug|Any CPU.Build.0 = Debug|Any CPU
		{146A6763-D496-47FE-95CD-B1D5001675B1}.Release|Any CPU.ActiveCfg = Release|Any CPU
		{146A6763-D496-47FE-95CD-B1D5001675B1}.Release|Any CPU.Build.0 = Release|Any CPU
		{2FEA037B-BD31-4F05-90B9-95396A46E039}.Debug|Any CPU.ActiveCfg = Debug|Any CPU
		{2FEA037B-BD31-4F05-90B9-95396A46E039}.Debug|Any CPU.Build.0 = Debug|Any CPU
		{2FEA037B-BD31-4F05-90B9-95396A46E039}.Release|Any CPU.ActiveCfg = Release|Any CPU
		{2FEA037B-BD31-4F05-90B9-95396A46E039}.Release|Any CPU.Build.0 = Release|Any CPU
	EndGlobalSection
	GlobalSection(SolutionProperties) = preSolution
		HideSolutionNode = FALSE
	EndGlobalSection
	GlobalSection(ExtensibilityGlobals) = postSolution
		SolutionGuid = {04B36E74-0BF1-4097-A85F-9F4211EEAEC3}
	EndGlobalSection
EndGlobal
